// !$*UTF8*$!
{
	archiveVersion = 1;
	classes = {
	};
	objectVersion = 56;
	objects = {

/* Begin PBXBuildFile section */
		77099F972C9EE09F00A73C53 /* HomeViewModel.swift in Sources */ = {isa = PBXBuildFile; fileRef = 77099F962C9EE09F00A73C53 /* HomeViewModel.swift */; };
		7718BA972C906D6D003D77D3 /* AuthManager.swift in Sources */ = {isa = PBXBuildFile; fileRef = 7718BA962C906D6D003D77D3 /* AuthManager.swift */; };
		7718BA9E2C9070A9003D77D3 /* AuthVM.swift in Sources */ = {isa = PBXBuildFile; fileRef = 7718BA9D2C9070A9003D77D3 /* AuthVM.swift */; };
		7718BAA02C907716003D77D3 /* VerificationCodeView.swift in Sources */ = {isa = PBXBuildFile; fileRef = 7718BA9F2C907716003D77D3 /* VerificationCodeView.swift */; };
		7718BAA22C9180A5003D77D3 /* GoogleService-Info.plist in Resources */ = {isa = PBXBuildFile; fileRef = 7718BAA12C9180A5003D77D3 /* GoogleService-Info.plist */; };
		7718BAA32C9180A5003D77D3 /* GoogleService-Info.plist in Resources */ = {isa = PBXBuildFile; fileRef = 7718BAA12C9180A5003D77D3 /* GoogleService-Info.plist */; };
		7718BAA52C9192E2003D77D3 /* UserModel.swift in Sources */ = {isa = PBXBuildFile; fileRef = 7718BAA42C9192E2003D77D3 /* UserModel.swift */; };
		7718BAA62C9192E2003D77D3 /* UserModel.swift in Sources */ = {isa = PBXBuildFile; fileRef = 7718BAA42C9192E2003D77D3 /* UserModel.swift */; };
		7718BAA82C9194D1003D77D3 /* DatabaseManager.swift in Sources */ = {isa = PBXBuildFile; fileRef = 7718BAA72C9194D1003D77D3 /* DatabaseManager.swift */; };
		7718BAA92C9194D1003D77D3 /* DatabaseManager.swift in Sources */ = {isa = PBXBuildFile; fileRef = 7718BAA72C9194D1003D77D3 /* DatabaseManager.swift */; };
		7718BAAB2C919BF9003D77D3 /* RideRequestManager.swift in Sources */ = {isa = PBXBuildFile; fileRef = 7718BAAA2C919BF9003D77D3 /* RideRequestManager.swift */; };
		7718BAAC2C919BF9003D77D3 /* RideRequestManager.swift in Sources */ = {isa = PBXBuildFile; fileRef = 7718BAAA2C919BF9003D77D3 /* RideRequestManager.swift */; };
		7718BAB22C982BF4003D77D3 /* DriverSignUp.swift in Sources */ = {isa = PBXBuildFile; fileRef = 7718BAB12C982BF4003D77D3 /* DriverSignUp.swift */; };
		7718BAB52C983478003D77D3 /* DriverProfile.swift in Sources */ = {isa = PBXBuildFile; fileRef = 7718BAB42C983478003D77D3 /* DriverProfile.swift */; };
		7718BABA2C9835B3003D77D3 /* ProfileViewModel.swift in Sources */ = {isa = PBXBuildFile; fileRef = 7718BAB92C9835B3003D77D3 /* ProfileViewModel.swift */; };
		7718BABC2C9848E2003D77D3 /* PassengerPickup.swift in Sources */ = {isa = PBXBuildFile; fileRef = 7718BABB2C9848E2003D77D3 /* PassengerPickup.swift */; };
		7718BABE2C985123003D77D3 /* LoadingCircleView.swift in Sources */ = {isa = PBXBuildFile; fileRef = 7718BABD2C985123003D77D3 /* LoadingCircleView.swift */; };
		7722AF702CAADB850035D276 /* RideState.swift in Sources */ = {isa = PBXBuildFile; fileRef = 7722AF6F2CAADB850035D276 /* RideState.swift */; };
		774820302C835C28002615A1 /* ManageProfile.swift in Sources */ = {isa = PBXBuildFile; fileRef = 7748202F2C835C28002615A1 /* ManageProfile.swift */; };
		774820322C835D0F002615A1 /* SafariView.swift in Sources */ = {isa = PBXBuildFile; fileRef = 774820312C835D0F002615A1 /* SafariView.swift */; };
		774820342C836CC2002615A1 /* AccountTabs.swift in Sources */ = {isa = PBXBuildFile; fileRef = 774820332C836CC1002615A1 /* AccountTabs.swift */; };
		7748203C2C85911A002615A1 /* UberSwiftUITests.swift in Sources */ = {isa = PBXBuildFile; fileRef = 7748203B2C85911A002615A1 /* UberSwiftUITests.swift */; };
		774820432C859400002615A1 /* Wallet.swift in Sources */ = {isa = PBXBuildFile; fileRef = 774820422C859400002615A1 /* Wallet.swift */; };
		779A5D2F2C7E21B300B13CA7 /* RequestPop.swift in Sources */ = {isa = PBXBuildFile; fileRef = 779A5D2E2C7E21B300B13CA7 /* RequestPop.swift */; };
		779A5D312C80815400B13CA7 /* Double.swift in Sources */ = {isa = PBXBuildFile; fileRef = 779A5D302C80815400B13CA7 /* Double.swift */; };
		779A5D332C80A9B000B13CA7 /* PickupLocation.swift in Sources */ = {isa = PBXBuildFile; fileRef = 779A5D322C80A9B000B13CA7 /* PickupLocation.swift */; };
		779A5D352C831CE100B13CA7 /* AppTheme.swift in Sources */ = {isa = PBXBuildFile; fileRef = 779A5D342C831CE000B13CA7 /* AppTheme.swift */; };
		779A5D382C831EDF00B13CA7 /* Profile.swift in Sources */ = {isa = PBXBuildFile; fileRef = 779A5D372C831EDF00B13CA7 /* Profile.swift */; };
		779A5D3A2C83384C00B13CA7 /* Settings.swift in Sources */ = {isa = PBXBuildFile; fileRef = 779A5D392C83384C00B13CA7 /* Settings.swift */; };
		779A5D3C2C833BD600B13CA7 /* SettingsRow.swift in Sources */ = {isa = PBXBuildFile; fileRef = 779A5D3B2C833BD600B13CA7 /* SettingsRow.swift */; };
		779A5D3E2C8357A600B13CA7 /* Messages.swift in Sources */ = {isa = PBXBuildFile; fileRef = 779A5D3D2C8357A600B13CA7 /* Messages.swift */; };
		77B91A192C99BB0200929431 /* ConfirmedRide.swift in Sources */ = {isa = PBXBuildFile; fileRef = 77B91A182C99BB0200929431 /* ConfirmedRide.swift */; };
		77B91A1A2C99BB0200929431 /* ConfirmedRide.swift in Sources */ = {isa = PBXBuildFile; fileRef = 77B91A182C99BB0200929431 /* ConfirmedRide.swift */; };
		77CA5AE62C9C3E3300D3694E /* RideRequestModel.swift in Sources */ = {isa = PBXBuildFile; fileRef = 77CA5AE52C9C3E3300D3694E /* RideRequestModel.swift */; };
		77CA5AE72C9C3E3300D3694E /* RideRequestModel.swift in Sources */ = {isa = PBXBuildFile; fileRef = 77CA5AE52C9C3E3300D3694E /* RideRequestModel.swift */; };
		77D532222C79CE3D00AA894E /* UberSwiftUIApp.swift in Sources */ = {isa = PBXBuildFile; fileRef = 77D532212C79CE3D00AA894E /* UberSwiftUIApp.swift */; };
		77D532262C79CE3F00AA894E /* Assets.xcassets in Resources */ = {isa = PBXBuildFile; fileRef = 77D532252C79CE3F00AA894E /* Assets.xcassets */; };
		77D532292C79CE3F00AA894E /* Preview Assets.xcassets in Resources */ = {isa = PBXBuildFile; fileRef = 77D532282C79CE3F00AA894E /* Preview Assets.xcassets */; };
		77D532392C7A12A300AA894E /* Home.swift in Sources */ = {isa = PBXBuildFile; fileRef = 77D532382C7A12A300AA894E /* Home.swift */; };
		77D5323B2C7A3F4700AA894E /* UberMapView.swift in Sources */ = {isa = PBXBuildFile; fileRef = 77D5323A2C7A3F4700AA894E /* UberMapView.swift */; };
		77D5323D2C7A415F00AA894E /* LocationManager.swift in Sources */ = {isa = PBXBuildFile; fileRef = 77D5323C2C7A415F00AA894E /* LocationManager.swift */; };
		77D532412C7A488F00AA894E /* LocationSearchView.swift in Sources */ = {isa = PBXBuildFile; fileRef = 77D532402C7A488F00AA894E /* LocationSearchView.swift */; };
		77D532432C7C69D700AA894E /* HumbugerButton.swift in Sources */ = {isa = PBXBuildFile; fileRef = 77D532422C7C69D700AA894E /* HumbugerButton.swift */; };
		77D532452C7C6B1100AA894E /* SearchView.swift in Sources */ = {isa = PBXBuildFile; fileRef = 77D532442C7C6B1100AA894E /* SearchView.swift */; };
		77D532472C7C6D8500AA894E /* LocationViewComponent.swift in Sources */ = {isa = PBXBuildFile; fileRef = 77D532462C7C6D8500AA894E /* LocationViewComponent.swift */; };
		77D532492C7C76BF00AA894E /* LocationSearchVM.swift in Sources */ = {isa = PBXBuildFile; fileRef = 77D532482C7C76BF00AA894E /* LocationSearchVM.swift */; };
		77D5324B2C7C9CAF00AA894E /* MapState.swift in Sources */ = {isa = PBXBuildFile; fileRef = 77D5324A2C7C9CAF00AA894E /* MapState.swift */; };
		77E98D052C9051F900121FE1 /* FirebaseAuth in Frameworks */ = {isa = PBXBuildFile; productRef = 77E98D042C9051F900121FE1 /* FirebaseAuth */; };
		77E98D072C9051F900121FE1 /* FirebaseAuthCombine-Community in Frameworks */ = {isa = PBXBuildFile; productRef = 77E98D062C9051F900121FE1 /* FirebaseAuthCombine-Community */; };
		77E98D092C9051F900121FE1 /* FirebaseFirestore in Frameworks */ = {isa = PBXBuildFile; productRef = 77E98D082C9051F900121FE1 /* FirebaseFirestore */; };
		77E98D0B2C9051F900121FE1 /* FirebaseFirestoreCombine-Community in Frameworks */ = {isa = PBXBuildFile; productRef = 77E98D0A2C9051F900121FE1 /* FirebaseFirestoreCombine-Community */; };
		77E98D0D2C90536300121FE1 /* AuthView.swift in Sources */ = {isa = PBXBuildFile; fileRef = 77E98D0C2C90536300121FE1 /* AuthView.swift */; };
		77E98D0F2C905B6300121FE1 /* Splash.swift in Sources */ = {isa = PBXBuildFile; fileRef = 77E98D0E2C905B6300121FE1 /* Splash.swift */; };
/* End PBXBuildFile section */

/* Begin PBXContainerItemProxy section */
		7748203D2C85911A002615A1 /* PBXContainerItemProxy */ = {
			isa = PBXContainerItemProxy;
			containerPortal = 77D532162C79CE3D00AA894E /* Project object */;
			proxyType = 1;
			remoteGlobalIDString = 77D5321D2C79CE3D00AA894E;
			remoteInfo = UberSwiftUI;
		};
/* End PBXContainerItemProxy section */

/* Begin PBXFileReference section */
		77099F962C9EE09F00A73C53 /* HomeViewModel.swift */ = {isa = PBXFileReference; lastKnownFileType = sourcecode.swift; path = HomeViewModel.swift; sourceTree = "<group>"; };
		7718BA962C906D6D003D77D3 /* AuthManager.swift */ = {isa = PBXFileReference; lastKnownFileType = sourcecode.swift; path = AuthManager.swift; sourceTree = "<group>"; };
		7718BA9A2C906FDB003D77D3 /* Info.plist */ = {isa = PBXFileReference; lastKnownFileType = text.plist; path = Info.plist; sourceTree = "<group>"; };
		7718BA9D2C9070A9003D77D3 /* AuthVM.swift */ = {isa = PBXFileReference; lastKnownFileType = sourcecode.swift; path = AuthVM.swift; sourceTree = "<group>"; };
		7718BA9F2C907716003D77D3 /* VerificationCodeView.swift */ = {isa = PBXFileReference; lastKnownFileType = sourcecode.swift; path = VerificationCodeView.swift; sourceTree = "<group>"; };
		7718BAA12C9180A5003D77D3 /* GoogleService-Info.plist */ = {isa = PBXFileReference; fileEncoding = 4; lastKnownFileType = text.plist.xml; path = "GoogleService-Info.plist"; sourceTree = "<group>"; };
		7718BAA42C9192E2003D77D3 /* UserModel.swift */ = {isa = PBXFileReference; lastKnownFileType = sourcecode.swift; path = UserModel.swift; sourceTree = "<group>"; };
		7718BAA72C9194D1003D77D3 /* DatabaseManager.swift */ = {isa = PBXFileReference; lastKnownFileType = sourcecode.swift; path = DatabaseManager.swift; sourceTree = "<group>"; };
		7718BAAA2C919BF9003D77D3 /* RideRequestManager.swift */ = {isa = PBXFileReference; lastKnownFileType = sourcecode.swift; path = RideRequestManager.swift; sourceTree = "<group>"; };
		7718BAB12C982BF4003D77D3 /* DriverSignUp.swift */ = {isa = PBXFileReference; lastKnownFileType = sourcecode.swift; path = DriverSignUp.swift; sourceTree = "<group>"; };
		7718BAB42C983478003D77D3 /* DriverProfile.swift */ = {isa = PBXFileReference; lastKnownFileType = sourcecode.swift; path = DriverProfile.swift; sourceTree = "<group>"; };
		7718BAB92C9835B3003D77D3 /* ProfileViewModel.swift */ = {isa = PBXFileReference; lastKnownFileType = sourcecode.swift; path = ProfileViewModel.swift; sourceTree = "<group>"; };
		7718BABB2C9848E2003D77D3 /* PassengerPickup.swift */ = {isa = PBXFileReference; lastKnownFileType = sourcecode.swift; path = PassengerPickup.swift; sourceTree = "<group>"; };
		7718BABD2C985123003D77D3 /* LoadingCircleView.swift */ = {isa = PBXFileReference; lastKnownFileType = sourcecode.swift; path = LoadingCircleView.swift; sourceTree = "<group>"; };
		7722AF6F2CAADB850035D276 /* RideState.swift */ = {isa = PBXFileReference; lastKnownFileType = sourcecode.swift; path = RideState.swift; sourceTree = "<group>"; };
		7748202F2C835C28002615A1 /* ManageProfile.swift */ = {isa = PBXFileReference; lastKnownFileType = sourcecode.swift; path = ManageProfile.swift; sourceTree = "<group>"; };
		774820312C835D0F002615A1 /* SafariView.swift */ = {isa = PBXFileReference; lastKnownFileType = sourcecode.swift; path = SafariView.swift; sourceTree = "<group>"; };
		774820332C836CC1002615A1 /* AccountTabs.swift */ = {isa = PBXFileReference; lastKnownFileType = sourcecode.swift; path = AccountTabs.swift; sourceTree = "<group>"; };
		774820392C85911A002615A1 /* UberSwiftUITests.xctest */ = {isa = PBXFileReference; explicitFileType = wrapper.cfbundle; includeInIndex = 0; path = UberSwiftUITests.xctest; sourceTree = BUILT_PRODUCTS_DIR; };
		7748203B2C85911A002615A1 /* UberSwiftUITests.swift */ = {isa = PBXFileReference; lastKnownFileType = sourcecode.swift; path = UberSwiftUITests.swift; sourceTree = "<group>"; };
		774820422C859400002615A1 /* Wallet.swift */ = {isa = PBXFileReference; lastKnownFileType = sourcecode.swift; path = Wallet.swift; sourceTree = "<group>"; };
		779A5D2E2C7E21B300B13CA7 /* RequestPop.swift */ = {isa = PBXFileReference; lastKnownFileType = sourcecode.swift; path = RequestPop.swift; sourceTree = "<group>"; };
		779A5D302C80815400B13CA7 /* Double.swift */ = {isa = PBXFileReference; lastKnownFileType = sourcecode.swift; path = Double.swift; sourceTree = "<group>"; };
		779A5D322C80A9B000B13CA7 /* PickupLocation.swift */ = {isa = PBXFileReference; lastKnownFileType = sourcecode.swift; path = PickupLocation.swift; sourceTree = "<group>"; };
		779A5D342C831CE000B13CA7 /* AppTheme.swift */ = {isa = PBXFileReference; lastKnownFileType = sourcecode.swift; path = AppTheme.swift; sourceTree = "<group>"; };
		779A5D372C831EDF00B13CA7 /* Profile.swift */ = {isa = PBXFileReference; lastKnownFileType = sourcecode.swift; path = Profile.swift; sourceTree = "<group>"; };
		779A5D392C83384C00B13CA7 /* Settings.swift */ = {isa = PBXFileReference; lastKnownFileType = sourcecode.swift; path = Settings.swift; sourceTree = "<group>"; };
		779A5D3B2C833BD600B13CA7 /* SettingsRow.swift */ = {isa = PBXFileReference; lastKnownFileType = sourcecode.swift; path = SettingsRow.swift; sourceTree = "<group>"; };
		779A5D3D2C8357A600B13CA7 /* Messages.swift */ = {isa = PBXFileReference; lastKnownFileType = sourcecode.swift; path = Messages.swift; sourceTree = "<group>"; };
		77B91A182C99BB0200929431 /* ConfirmedRide.swift */ = {isa = PBXFileReference; lastKnownFileType = sourcecode.swift; path = ConfirmedRide.swift; sourceTree = "<group>"; };
		77CA5AE52C9C3E3300D3694E /* RideRequestModel.swift */ = {isa = PBXFileReference; lastKnownFileType = sourcecode.swift; path = RideRequestModel.swift; sourceTree = "<group>"; };
		77D5321E2C79CE3D00AA894E /* UberSwiftUI.app */ = {isa = PBXFileReference; explicitFileType = wrapper.application; includeInIndex = 0; path = UberSwiftUI.app; sourceTree = BUILT_PRODUCTS_DIR; };
		77D532212C79CE3D00AA894E /* UberSwiftUIApp.swift */ = {isa = PBXFileReference; lastKnownFileType = sourcecode.swift; path = UberSwiftUIApp.swift; sourceTree = "<group>"; };
		77D532252C79CE3F00AA894E /* Assets.xcassets */ = {isa = PBXFileReference; lastKnownFileType = folder.assetcatalog; path = Assets.xcassets; sourceTree = "<group>"; };
		77D532282C79CE3F00AA894E /* Preview Assets.xcassets */ = {isa = PBXFileReference; lastKnownFileType = folder.assetcatalog; path = "Preview Assets.xcassets"; sourceTree = "<group>"; };
		77D532382C7A12A300AA894E /* Home.swift */ = {isa = PBXFileReference; lastKnownFileType = sourcecode.swift; path = Home.swift; sourceTree = "<group>"; };
		77D5323A2C7A3F4700AA894E /* UberMapView.swift */ = {isa = PBXFileReference; lastKnownFileType = sourcecode.swift; path = UberMapView.swift; sourceTree = "<group>"; };
		77D5323C2C7A415F00AA894E /* LocationManager.swift */ = {isa = PBXFileReference; lastKnownFileType = sourcecode.swift; path = LocationManager.swift; sourceTree = "<group>"; };
		77D532402C7A488F00AA894E /* LocationSearchView.swift */ = {isa = PBXFileReference; lastKnownFileType = sourcecode.swift; path = LocationSearchView.swift; sourceTree = "<group>"; };
		77D532422C7C69D700AA894E /* HumbugerButton.swift */ = {isa = PBXFileReference; lastKnownFileType = sourcecode.swift; path = HumbugerButton.swift; sourceTree = "<group>"; };
		77D532442C7C6B1100AA894E /* SearchView.swift */ = {isa = PBXFileReference; lastKnownFileType = sourcecode.swift; path = SearchView.swift; sourceTree = "<group>"; };
		77D532462C7C6D8500AA894E /* LocationViewComponent.swift */ = {isa = PBXFileReference; lastKnownFileType = sourcecode.swift; path = LocationViewComponent.swift; sourceTree = "<group>"; };
		77D532482C7C76BF00AA894E /* LocationSearchVM.swift */ = {isa = PBXFileReference; lastKnownFileType = sourcecode.swift; path = LocationSearchVM.swift; sourceTree = "<group>"; };
		77D5324A2C7C9CAF00AA894E /* MapState.swift */ = {isa = PBXFileReference; lastKnownFileType = sourcecode.swift; path = MapState.swift; sourceTree = "<group>"; };
		77E98D0C2C90536300121FE1 /* AuthView.swift */ = {isa = PBXFileReference; lastKnownFileType = sourcecode.swift; path = AuthView.swift; sourceTree = "<group>"; };
		77E98D0E2C905B6300121FE1 /* Splash.swift */ = {isa = PBXFileReference; lastKnownFileType = sourcecode.swift; path = Splash.swift; sourceTree = "<group>"; };
/* End PBXFileReference section */

/* Begin PBXFrameworksBuildPhase section */
		774820362C85911A002615A1 /* Frameworks */ = {
			isa = PBXFrameworksBuildPhase;
			buildActionMask = 2147483647;
			files = (
			);
			runOnlyForDeploymentPostprocessing = 0;
		};
		77D5321B2C79CE3D00AA894E /* Frameworks */ = {
			isa = PBXFrameworksBuildPhase;
			buildActionMask = 2147483647;
			files = (
				77E98D052C9051F900121FE1 /* FirebaseAuth in Frameworks */,
				77E98D0B2C9051F900121FE1 /* FirebaseFirestoreCombine-Community in Frameworks */,
				77E98D072C9051F900121FE1 /* FirebaseAuthCombine-Community in Frameworks */,
				77E98D092C9051F900121FE1 /* FirebaseFirestore in Frameworks */,
			);
			runOnlyForDeploymentPostprocessing = 0;
		};
/* End PBXFrameworksBuildPhase section */

/* Begin PBXGroup section */
		7718BA9B2C907097003D77D3 /* View */ = {
			isa = PBXGroup;
			children = (
				7718BA9F2C907716003D77D3 /* VerificationCodeView.swift */,
				77E98D0C2C90536300121FE1 /* AuthView.swift */,
				77E98D0E2C905B6300121FE1 /* Splash.swift */,
			);
			path = View;
			sourceTree = "<group>";
		};
		7718BA9C2C90709E003D77D3 /* Viewmodel */ = {
			isa = PBXGroup;
			children = (
				7718BA9D2C9070A9003D77D3 /* AuthVM.swift */,
			);
			path = Viewmodel;
			sourceTree = "<group>";
		};
		7718BAB72C9834ED003D77D3 /* View */ = {
			isa = PBXGroup;
			children = (
				779A5D372C831EDF00B13CA7 /* Profile.swift */,
				7718BAB42C983478003D77D3 /* DriverProfile.swift */,
				7748202F2C835C28002615A1 /* ManageProfile.swift */,
				774820332C836CC1002615A1 /* AccountTabs.swift */,
				774820422C859400002615A1 /* Wallet.swift */,
				774820312C835D0F002615A1 /* SafariView.swift */,
				779A5D3D2C8357A600B13CA7 /* Messages.swift */,
				779A5D3B2C833BD600B13CA7 /* SettingsRow.swift */,
				779A5D392C83384C00B13CA7 /* Settings.swift */,
			);
			path = View;
			sourceTree = "<group>";
		};
		7718BAB82C983512003D77D3 /* Viewmodel */ = {
			isa = PBXGroup;
			children = (
				7718BAB92C9835B3003D77D3 /* ProfileViewModel.swift */,
			);
			path = Viewmodel;
			sourceTree = "<group>";
		};
		7748203A2C85911A002615A1 /* UberSwiftUITests */ = {
			isa = PBXGroup;
			children = (
				7748203B2C85911A002615A1 /* UberSwiftUITests.swift */,
			);
			path = UberSwiftUITests;
			sourceTree = "<group>";
		};
		779A5D362C831ED000B13CA7 /* Profile */ = {
			isa = PBXGroup;
			children = (
				7718BAB82C983512003D77D3 /* Viewmodel */,
				7718BAB72C9834ED003D77D3 /* View */,
			);
			path = Profile;
			sourceTree = "<group>";
		};
		77D532152C79CE3D00AA894E = {
			isa = PBXGroup;
			children = (
				77D532202C79CE3D00AA894E /* UberSwiftUI */,
				7748203A2C85911A002615A1 /* UberSwiftUITests */,
				77D5321F2C79CE3D00AA894E /* Products */,
				77E98CF82C904FEF00121FE1 /* Frameworks */,
			);
			sourceTree = "<group>";
		};
		77D5321F2C79CE3D00AA894E /* Products */ = {
			isa = PBXGroup;
			children = (
				77D5321E2C79CE3D00AA894E /* UberSwiftUI.app */,
				774820392C85911A002615A1 /* UberSwiftUITests.xctest */,
			);
			name = Products;
			sourceTree = "<group>";
		};
		77D532202C79CE3D00AA894E /* UberSwiftUI */ = {
			isa = PBXGroup;
			children = (
				7718BA9A2C906FDB003D77D3 /* Info.plist */,
				77D5322F2C7A123100AA894E /* App */,
				77D532342C7A127900AA894E /* Core */,
				77D532302C7A123700AA894E /* Extensions */,
				77D532332C7A124800AA894E /* Models */,
				77D532322C7A124200AA894E /* Managers */,
				77D532312C7A123D00AA894E /* Shared */,
				77D532252C79CE3F00AA894E /* Assets.xcassets */,
				7718BAA12C9180A5003D77D3 /* GoogleService-Info.plist */,
				77D532272C79CE3F00AA894E /* Preview Content */,
			);
			path = UberSwiftUI;
			sourceTree = "<group>";
		};
		77D532272C79CE3F00AA894E /* Preview Content */ = {
			isa = PBXGroup;
			children = (
				77D532282C79CE3F00AA894E /* Preview Assets.xcassets */,
			);
			path = "Preview Content";
			sourceTree = "<group>";
		};
		77D5322F2C7A123100AA894E /* App */ = {
			isa = PBXGroup;
			children = (
				77D532212C79CE3D00AA894E /* UberSwiftUIApp.swift */,
			);
			path = App;
			sourceTree = "<group>";
		};
		77D532302C7A123700AA894E /* Extensions */ = {
			isa = PBXGroup;
			children = (
				7718BAB12C982BF4003D77D3 /* DriverSignUp.swift */,
				779A5D302C80815400B13CA7 /* Double.swift */,
				779A5D342C831CE000B13CA7 /* AppTheme.swift */,
				7718BABB2C9848E2003D77D3 /* PassengerPickup.swift */,
				7722AF6F2CAADB850035D276 /* RideState.swift */,
			);
			path = Extensions;
			sourceTree = "<group>";
		};
		77D532312C7A123D00AA894E /* Shared */ = {
			isa = PBXGroup;
			children = (
			);
			path = Shared;
			sourceTree = "<group>";
		};
		77D532322C7A124200AA894E /* Managers */ = {
			isa = PBXGroup;
			children = (
				77D5323C2C7A415F00AA894E /* LocationManager.swift */,
				7718BA962C906D6D003D77D3 /* AuthManager.swift */,
				7718BAA72C9194D1003D77D3 /* DatabaseManager.swift */,
				7718BAAA2C919BF9003D77D3 /* RideRequestManager.swift */,
				77B91A182C99BB0200929431 /* ConfirmedRide.swift */,
			);
			path = Managers;
			sourceTree = "<group>";
		};
		77D532332C7A124800AA894E /* Models */ = {
			isa = PBXGroup;
			children = (
				779A5D322C80A9B000B13CA7 /* PickupLocation.swift */,
				7718BAA42C9192E2003D77D3 /* UserModel.swift */,
				77CA5AE52C9C3E3300D3694E /* RideRequestModel.swift */,
			);
			path = Models;
			sourceTree = "<group>";
		};
		77D532342C7A127900AA894E /* Core */ = {
			isa = PBXGroup;
			children = (
				77E98CF42C9049DD00121FE1 /* Auth */,
				779A5D362C831ED000B13CA7 /* Profile */,
				77D5323E2C7A486900AA894E /* Home */,
			);
			path = Core;
			sourceTree = "<group>";
		};
		77D532352C7A127F00AA894E /* Viewmodels */ = {
			isa = PBXGroup;
			children = (
				77099F962C9EE09F00A73C53 /* HomeViewModel.swift */,
				77D532482C7C76BF00AA894E /* LocationSearchVM.swift */,
				77D5324A2C7C9CAF00AA894E /* MapState.swift */,
			);
			path = Viewmodels;
			sourceTree = "<group>";
		};
		77D532362C7A128400AA894E /* Views */ = {
			isa = PBXGroup;
			children = (
				77D532382C7A12A300AA894E /* Home.swift */,
				77D532442C7C6B1100AA894E /* SearchView.swift */,
				77D532462C7C6D8500AA894E /* LocationViewComponent.swift */,
				77D532422C7C69D700AA894E /* HumbugerButton.swift */,
				77D5323A2C7A3F4700AA894E /* UberMapView.swift */,
				77D532402C7A488F00AA894E /* LocationSearchView.swift */,
				779A5D2E2C7E21B300B13CA7 /* RequestPop.swift */,
				7718BABD2C985123003D77D3 /* LoadingCircleView.swift */,
			);
			path = Views;
			sourceTree = "<group>";
		};
		77D5323E2C7A486900AA894E /* Home */ = {
			isa = PBXGroup;
			children = (
				77D532362C7A128400AA894E /* Views */,
				77D532352C7A127F00AA894E /* Viewmodels */,
			);
			path = Home;
			sourceTree = "<group>";
		};
		77E98CF42C9049DD00121FE1 /* Auth */ = {
			isa = PBXGroup;
			children = (
				7718BA9C2C90709E003D77D3 /* Viewmodel */,
				7718BA9B2C907097003D77D3 /* View */,
			);
			path = Auth;
			sourceTree = "<group>";
		};
		77E98CF82C904FEF00121FE1 /* Frameworks */ = {
			isa = PBXGroup;
			children = (
			);
			name = Frameworks;
			sourceTree = "<group>";
		};
/* End PBXGroup section */

/* Begin PBXNativeTarget section */
		774820382C85911A002615A1 /* UberSwiftUITests */ = {
			isa = PBXNativeTarget;
			buildConfigurationList = 7748203F2C85911A002615A1 /* Build configuration list for PBXNativeTarget "UberSwiftUITests" */;
			buildPhases = (
				774820352C85911A002615A1 /* Sources */,
				774820362C85911A002615A1 /* Frameworks */,
				774820372C85911A002615A1 /* Resources */,
			);
			buildRules = (
			);
			dependencies = (
				7748203E2C85911A002615A1 /* PBXTargetDependency */,
			);
			name = UberSwiftUITests;
			productName = UberSwiftUITests;
			productReference = 774820392C85911A002615A1 /* UberSwiftUITests.xctest */;
			productType = "com.apple.product-type.bundle.unit-test";
		};
		77D5321D2C79CE3D00AA894E /* UberSwiftUI */ = {
			isa = PBXNativeTarget;
			buildConfigurationList = 77D5322C2C79CE3F00AA894E /* Build configuration list for PBXNativeTarget "UberSwiftUI" */;
			buildPhases = (
				77D5321A2C79CE3D00AA894E /* Sources */,
				77D5321B2C79CE3D00AA894E /* Frameworks */,
				77D5321C2C79CE3D00AA894E /* Resources */,
			);
			buildRules = (
			);
			dependencies = (
			);
			name = UberSwiftUI;
			packageProductDependencies = (
				77E98D042C9051F900121FE1 /* FirebaseAuth */,
				77E98D062C9051F900121FE1 /* FirebaseAuthCombine-Community */,
				77E98D082C9051F900121FE1 /* FirebaseFirestore */,
				77E98D0A2C9051F900121FE1 /* FirebaseFirestoreCombine-Community */,
			);
			productName = UberSwiftUI;
			productReference = 77D5321E2C79CE3D00AA894E /* UberSwiftUI.app */;
			productType = "com.apple.product-type.application";
		};
/* End PBXNativeTarget section */

/* Begin PBXProject section */
		77D532162C79CE3D00AA894E /* Project object */ = {
			isa = PBXProject;
			attributes = {
				BuildIndependentTargetsInParallel = 1;
				LastSwiftUpdateCheck = 1540;
				LastUpgradeCheck = 1540;
				TargetAttributes = {
					774820382C85911A002615A1 = {
						CreatedOnToolsVersion = 15.4;
						TestTargetID = 77D5321D2C79CE3D00AA894E;
					};
					77D5321D2C79CE3D00AA894E = {
						CreatedOnToolsVersion = 15.4;
					};
				};
			};
			buildConfigurationList = 77D532192C79CE3D00AA894E /* Build configuration list for PBXProject "UberSwiftUI" */;
			compatibilityVersion = "Xcode 14.0";
			developmentRegion = en;
			hasScannedForEncodings = 0;
			knownRegions = (
				en,
				Base,
			);
			mainGroup = 77D532152C79CE3D00AA894E;
			packageReferences = (
				77E98D032C90507700121FE1 /* XCRemoteSwiftPackageReference "firebase-ios-sdk" */,
			);
			productRefGroup = 77D5321F2C79CE3D00AA894E /* Products */;
			projectDirPath = "";
			projectRoot = "";
			targets = (
				77D5321D2C79CE3D00AA894E /* UberSwiftUI */,
				774820382C85911A002615A1 /* UberSwiftUITests */,
			);
		};
/* End PBXProject section */

/* Begin PBXResourcesBuildPhase section */
		774820372C85911A002615A1 /* Resources */ = {
			isa = PBXResourcesBuildPhase;
			buildActionMask = 2147483647;
			files = (
				7718BAA32C9180A5003D77D3 /* GoogleService-Info.plist in Resources */,
			);
			runOnlyForDeploymentPostprocessing = 0;
		};
		77D5321C2C79CE3D00AA894E /* Resources */ = {
			isa = PBXResourcesBuildPhase;
			buildActionMask = 2147483647;
			files = (
				77D532292C79CE3F00AA894E /* Preview Assets.xcassets in Resources */,
				77D532262C79CE3F00AA894E /* Assets.xcassets in Resources */,
				7718BAA22C9180A5003D77D3 /* GoogleService-Info.plist in Resources */,
			);
			runOnlyForDeploymentPostprocessing = 0;
		};
/* End PBXResourcesBuildPhase section */

/* Begin PBXSourcesBuildPhase section */
		774820352C85911A002615A1 /* Sources */ = {
			isa = PBXSourcesBuildPhase;
			buildActionMask = 2147483647;
			files = (
				7718BAA62C9192E2003D77D3 /* UserModel.swift in Sources */,
				7748203C2C85911A002615A1 /* UberSwiftUITests.swift in Sources */,
				77B91A192C99BB0200929431 /* ConfirmedRide.swift in Sources */,
				7718BAA92C9194D1003D77D3 /* DatabaseManager.swift in Sources */,
				7718BAAC2C919BF9003D77D3 /* RideRequestManager.swift in Sources */,
				77CA5AE62C9C3E3300D3694E /* RideRequestModel.swift in Sources */,
			);
			runOnlyForDeploymentPostprocessing = 0;
		};
		77D5321A2C79CE3D00AA894E /* Sources */ = {
			isa = PBXSourcesBuildPhase;
			buildActionMask = 2147483647;
			files = (
				7718BABC2C9848E2003D77D3 /* PassengerPickup.swift in Sources */,
				77D532432C7C69D700AA894E /* HumbugerButton.swift in Sources */,
				779A5D3E2C8357A600B13CA7 /* Messages.swift in Sources */,
				779A5D382C831EDF00B13CA7 /* Profile.swift in Sources */,
				77D532412C7A488F00AA894E /* LocationSearchView.swift in Sources */,
				774820322C835D0F002615A1 /* SafariView.swift in Sources */,
				77D5323D2C7A415F00AA894E /* LocationManager.swift in Sources */,
				77D532452C7C6B1100AA894E /* SearchView.swift in Sources */,
				774820342C836CC2002615A1 /* AccountTabs.swift in Sources */,
				7718BAA82C9194D1003D77D3 /* DatabaseManager.swift in Sources */,
				7722AF702CAADB850035D276 /* RideState.swift in Sources */,
				77D5324B2C7C9CAF00AA894E /* MapState.swift in Sources */,
				7718BAB22C982BF4003D77D3 /* DriverSignUp.swift in Sources */,
				7718BAB52C983478003D77D3 /* DriverProfile.swift in Sources */,
				77B91A1A2C99BB0200929431 /* ConfirmedRide.swift in Sources */,
				77D5323B2C7A3F4700AA894E /* UberMapView.swift in Sources */,
				77CA5AE72C9C3E3300D3694E /* RideRequestModel.swift in Sources */,
				77E98D0F2C905B6300121FE1 /* Splash.swift in Sources */,
				77D532472C7C6D8500AA894E /* LocationViewComponent.swift in Sources */,
				774820302C835C28002615A1 /* ManageProfile.swift in Sources */,
				77099F972C9EE09F00A73C53 /* HomeViewModel.swift in Sources */,
				77D532392C7A12A300AA894E /* Home.swift in Sources */,
				77D532222C79CE3D00AA894E /* UberSwiftUIApp.swift in Sources */,
				7718BABA2C9835B3003D77D3 /* ProfileViewModel.swift in Sources */,
				774820432C859400002615A1 /* Wallet.swift in Sources */,
				779A5D3A2C83384C00B13CA7 /* Settings.swift in Sources */,
				779A5D3C2C833BD600B13CA7 /* SettingsRow.swift in Sources */,
				7718BA9E2C9070A9003D77D3 /* AuthVM.swift in Sources */,
				779A5D352C831CE100B13CA7 /* AppTheme.swift in Sources */,
				77D532492C7C76BF00AA894E /* LocationSearchVM.swift in Sources */,
				7718BAA02C907716003D77D3 /* VerificationCodeView.swift in Sources */,
				7718BAAB2C919BF9003D77D3 /* RideRequestManager.swift in Sources */,
				7718BAA52C9192E2003D77D3 /* UserModel.swift in Sources */,
				779A5D312C80815400B13CA7 /* Double.swift in Sources */,
				779A5D332C80A9B000B13CA7 /* PickupLocation.swift in Sources */,
				77E98D0D2C90536300121FE1 /* AuthView.swift in Sources */,
				7718BABE2C985123003D77D3 /* LoadingCircleView.swift in Sources */,
				779A5D2F2C7E21B300B13CA7 /* RequestPop.swift in Sources */,
				7718BA972C906D6D003D77D3 /* AuthManager.swift in Sources */,
			);
			runOnlyForDeploymentPostprocessing = 0;
		};
/* End PBXSourcesBuildPhase section */

/* Begin PBXTargetDependency section */
		7748203E2C85911A002615A1 /* PBXTargetDependency */ = {
			isa = PBXTargetDependency;
			target = 77D5321D2C79CE3D00AA894E /* UberSwiftUI */;
			targetProxy = 7748203D2C85911A002615A1 /* PBXContainerItemProxy */;
		};
/* End PBXTargetDependency section */

/* Begin XCBuildConfiguration section */
		774820402C85911A002615A1 /* Debug */ = {
			isa = XCBuildConfiguration;
			buildSettings = {
				BUNDLE_LOADER = "$(TEST_HOST)";
				CODE_SIGN_STYLE = Automatic;
				CURRENT_PROJECT_VERSION = 1;
				DEVELOPMENT_TEAM = 648U26QNYT;
				GENERATE_INFOPLIST_FILE = YES;
				MARKETING_VERSION = 1.0;
				PRODUCT_BUNDLE_IDENTIFIER = com.UberSwiftUITests;
				PRODUCT_NAME = "$(TARGET_NAME)";
				SWIFT_EMIT_LOC_STRINGS = NO;
				SWIFT_VERSION = 5.0;
				TARGETED_DEVICE_FAMILY = "1,2";
				TEST_HOST = "$(BUILT_PRODUCTS_DIR)/UberSwiftUI.app/$(BUNDLE_EXECUTABLE_FOLDER_PATH)/UberSwiftUI";
			};
			name = Debug;
		};
		774820412C85911A002615A1 /* Release */ = {
			isa = XCBuildConfiguration;
			buildSettings = {
				BUNDLE_LOADER = "$(TEST_HOST)";
				CODE_SIGN_STYLE = Automatic;
				CURRENT_PROJECT_VERSION = 1;
				DEVELOPMENT_TEAM = 648U26QNYT;
				GENERATE_INFOPLIST_FILE = YES;
				MARKETING_VERSION = 1.0;
				PRODUCT_BUNDLE_IDENTIFIER = com.UberSwiftUITests;
				PRODUCT_NAME = "$(TARGET_NAME)";
				SWIFT_EMIT_LOC_STRINGS = NO;
				SWIFT_VERSION = 5.0;
				TARGETED_DEVICE_FAMILY = "1,2";
				TEST_HOST = "$(BUILT_PRODUCTS_DIR)/UberSwiftUI.app/$(BUNDLE_EXECUTABLE_FOLDER_PATH)/UberSwiftUI";
			};
			name = Release;
		};
		77D5322A2C79CE3F00AA894E /* Debug */ = {
			isa = XCBuildConfiguration;
			buildSettings = {
				ALWAYS_SEARCH_USER_PATHS = NO;
				ASSETCATALOG_COMPILER_GENERATE_SWIFT_ASSET_SYMBOL_EXTENSIONS = YES;
				CLANG_ANALYZER_NONNULL = YES;
				CLANG_ANALYZER_NUMBER_OBJECT_CONVERSION = YES_AGGRESSIVE;
				CLANG_CXX_LANGUAGE_STANDARD = "gnu++20";
				CLANG_ENABLE_MODULES = YES;
				CLANG_ENABLE_OBJC_ARC = YES;
				CLANG_ENABLE_OBJC_WEAK = YES;
				CLANG_WARN_BLOCK_CAPTURE_AUTORELEASING = YES;
				CLANG_WARN_BOOL_CONVERSION = YES;
				CLANG_WARN_COMMA = YES;
				CLANG_WARN_CONSTANT_CONVERSION = YES;
				CLANG_WARN_DEPRECATED_OBJC_IMPLEMENTATIONS = YES;
				CLANG_WARN_DIRECT_OBJC_ISA_USAGE = YES_ERROR;
				CLANG_WARN_DOCUMENTATION_COMMENTS = YES;
				CLANG_WARN_EMPTY_BODY = YES;
				CLANG_WARN_ENUM_CONVERSION = YES;
				CLANG_WARN_INFINITE_RECURSION = YES;
				CLANG_WARN_INT_CONVERSION = YES;
				CLANG_WARN_NON_LITERAL_NULL_CONVERSION = YES;
				CLANG_WARN_OBJC_IMPLICIT_RETAIN_SELF = YES;
				CLANG_WARN_OBJC_LITERAL_CONVERSION = YES;
				CLANG_WARN_OBJC_ROOT_CLASS = YES_ERROR;
				CLANG_WARN_QUOTED_INCLUDE_IN_FRAMEWORK_HEADER = YES;
				CLANG_WARN_RANGE_LOOP_ANALYSIS = YES;
				CLANG_WARN_STRICT_PROTOTYPES = YES;
				CLANG_WARN_SUSPICIOUS_MOVE = YES;
				CLANG_WARN_UNGUARDED_AVAILABILITY = YES_AGGRESSIVE;
				CLANG_WARN_UNREACHABLE_CODE = YES;
				CLANG_WARN__DUPLICATE_METHOD_MATCH = YES;
				COPY_PHASE_STRIP = NO;
				DEBUG_INFORMATION_FORMAT = dwarf;
				ENABLE_STRICT_OBJC_MSGSEND = YES;
				ENABLE_TESTABILITY = YES;
				ENABLE_USER_SCRIPT_SANDBOXING = YES;
				GCC_C_LANGUAGE_STANDARD = gnu17;
				GCC_DYNAMIC_NO_PIC = NO;
				GCC_NO_COMMON_BLOCKS = YES;
				GCC_OPTIMIZATION_LEVEL = 0;
				GCC_PREPROCESSOR_DEFINITIONS = (
					"DEBUG=1",
					"$(inherited)",
				);
				GCC_WARN_64_TO_32_BIT_CONVERSION = YES;
				GCC_WARN_ABOUT_RETURN_TYPE = YES_ERROR;
				GCC_WARN_UNDECLARED_SELECTOR = YES;
				GCC_WARN_UNINITIALIZED_AUTOS = YES_AGGRESSIVE;
				GCC_WARN_UNUSED_FUNCTION = YES;
				GCC_WARN_UNUSED_VARIABLE = YES;
				IPHONEOS_DEPLOYMENT_TARGET = 17.5;
				LOCALIZATION_PREFERS_STRING_CATALOGS = YES;
				MTL_ENABLE_DEBUG_INFO = INCLUDE_SOURCE;
				MTL_FAST_MATH = YES;
				ONLY_ACTIVE_ARCH = YES;
				SDKROOT = iphoneos;
				SWIFT_ACTIVE_COMPILATION_CONDITIONS = "DEBUG $(inherited)";
				SWIFT_OPTIMIZATION_LEVEL = "-Onone";
			};
			name = Debug;
		};
		77D5322B2C79CE3F00AA894E /* Release */ = {
			isa = XCBuildConfiguration;
			buildSettings = {
				ALWAYS_SEARCH_USER_PATHS = NO;
				ASSETCATALOG_COMPILER_GENERATE_SWIFT_ASSET_SYMBOL_EXTENSIONS = YES;
				CLANG_ANALYZER_NONNULL = YES;
				CLANG_ANALYZER_NUMBER_OBJECT_CONVERSION = YES_AGGRESSIVE;
				CLANG_CXX_LANGUAGE_STANDARD = "gnu++20";
				CLANG_ENABLE_MODULES = YES;
				CLANG_ENABLE_OBJC_ARC = YES;
				CLANG_ENABLE_OBJC_WEAK = YES;
				CLANG_WARN_BLOCK_CAPTURE_AUTORELEASING = YES;
				CLANG_WARN_BOOL_CONVERSION = YES;
				CLANG_WARN_COMMA = YES;
				CLANG_WARN_CONSTANT_CONVERSION = YES;
				CLANG_WARN_DEPRECATED_OBJC_IMPLEMENTATIONS = YES;
				CLANG_WARN_DIRECT_OBJC_ISA_USAGE = YES_ERROR;
				CLANG_WARN_DOCUMENTATION_COMMENTS = YES;
				CLANG_WARN_EMPTY_BODY = YES;
				CLANG_WARN_ENUM_CONVERSION = YES;
				CLANG_WARN_INFINITE_RECURSION = YES;
				CLANG_WARN_INT_CONVERSION = YES;
				CLANG_WARN_NON_LITERAL_NULL_CONVERSION = YES;
				CLANG_WARN_OBJC_IMPLICIT_RETAIN_SELF = YES;
				CLANG_WARN_OBJC_LITERAL_CONVERSION = YES;
				CLANG_WARN_OBJC_ROOT_CLASS = YES_ERROR;
				CLANG_WARN_QUOTED_INCLUDE_IN_FRAMEWORK_HEADER = YES;
				CLANG_WARN_RANGE_LOOP_ANALYSIS = YES;
				CLANG_WARN_STRICT_PROTOTYPES = YES;
				CLANG_WARN_SUSPICIOUS_MOVE = YES;
				CLANG_WARN_UNGUARDED_AVAILABILITY = YES_AGGRESSIVE;
				CLANG_WARN_UNREACHABLE_CODE = YES;
				CLANG_WARN__DUPLICATE_METHOD_MATCH = YES;
				COPY_PHASE_STRIP = NO;
				DEBUG_INFORMATION_FORMAT = "dwarf-with-dsym";
				ENABLE_NS_ASSERTIONS = NO;
				ENABLE_STRICT_OBJC_MSGSEND = YES;
				ENABLE_USER_SCRIPT_SANDBOXING = YES;
				GCC_C_LANGUAGE_STANDARD = gnu17;
				GCC_NO_COMMON_BLOCKS = YES;
				GCC_WARN_64_TO_32_BIT_CONVERSION = YES;
				GCC_WARN_ABOUT_RETURN_TYPE = YES_ERROR;
				GCC_WARN_UNDECLARED_SELECTOR = YES;
				GCC_WARN_UNINITIALIZED_AUTOS = YES_AGGRESSIVE;
				GCC_WARN_UNUSED_FUNCTION = YES;
				GCC_WARN_UNUSED_VARIABLE = YES;
				IPHONEOS_DEPLOYMENT_TARGET = 17.5;
				LOCALIZATION_PREFERS_STRING_CATALOGS = YES;
				MTL_ENABLE_DEBUG_INFO = NO;
				MTL_FAST_MATH = YES;
				SDKROOT = iphoneos;
				SWIFT_COMPILATION_MODE = wholemodule;
				VALIDATE_PRODUCT = YES;
			};
			name = Release;
		};
		77D5322D2C79CE3F00AA894E /* Debug */ = {
			isa = XCBuildConfiguration;
			buildSettings = {
				ASSETCATALOG_COMPILER_APPICON_NAME = AppIcon;
				ASSETCATALOG_COMPILER_GLOBAL_ACCENT_COLOR_NAME = AccentColor;
				CODE_SIGN_STYLE = Automatic;
				CURRENT_PROJECT_VERSION = 1;
				DEVELOPMENT_ASSET_PATHS = "\"UberSwiftUI/Preview Content\"";
				DEVELOPMENT_TEAM = 648U26QNYT;
				ENABLE_PREVIEWS = YES;
				GENERATE_INFOPLIST_FILE = YES;
				INFOPLIST_FILE = UberSwiftUI/Info.plist;
				INFOPLIST_KEY_NSLocationWhenInUseUsageDescription = "The app needs to use your location to find availabe drivers in your area.";
				INFOPLIST_KEY_UIApplicationSceneManifest_Generation = YES;
				INFOPLIST_KEY_UIApplicationSupportsIndirectInputEvents = YES;
				INFOPLIST_KEY_UILaunchScreen_Generation = YES;
				INFOPLIST_KEY_UISupportedInterfaceOrientations_iPad = "UIInterfaceOrientationPortrait UIInterfaceOrientationPortraitUpsideDown UIInterfaceOrientationLandscapeLeft UIInterfaceOrientationLandscapeRight";
				INFOPLIST_KEY_UISupportedInterfaceOrientations_iPhone = "UIInterfaceOrientationPortrait UIInterfaceOrientationLandscapeLeft UIInterfaceOrientationLandscapeRight";
				LD_RUNPATH_SEARCH_PATHS = (
					"$(inherited)",
					"@executable_path/Frameworks",
				);
				MARKETING_VERSION = 1.0;
				PRODUCT_BUNDLE_IDENTIFIER = com.UberSwiftUIClone;
				PRODUCT_NAME = "$(TARGET_NAME)";
				SUPPORTED_PLATFORMS = "iphoneos iphonesimulator";
				SUPPORTS_MACCATALYST = NO;
				SUPPORTS_MAC_DESIGNED_FOR_IPHONE_IPAD = NO;
				SUPPORTS_XR_DESIGNED_FOR_IPHONE_IPAD = NO;
				SWIFT_EMIT_LOC_STRINGS = YES;
				SWIFT_VERSION = 5.0;
				TARGETED_DEVICE_FAMILY = "1,2";
			};
			name = Debug;
		};
		77D5322E2C79CE3F00AA894E /* Release */ = {
			isa = XCBuildConfiguration;
			buildSettings = {
				ASSETCATALOG_COMPILER_APPICON_NAME = AppIcon;
				ASSETCATALOG_COMPILER_GLOBAL_ACCENT_COLOR_NAME = AccentColor;
				CODE_SIGN_STYLE = Automatic;
				CURRENT_PROJECT_VERSION = 1;
				DEVELOPMENT_ASSET_PATHS = "\"UberSwiftUI/Preview Content\"";
				DEVELOPMENT_TEAM = 648U26QNYT;
				ENABLE_PREVIEWS = YES;
				GENERATE_INFOPLIST_FILE = YES;
				INFOPLIST_FILE = UberSwiftUI/Info.plist;
				INFOPLIST_KEY_NSLocationWhenInUseUsageDescription = "The app needs to use your location to find availabe drivers in your area.";
				INFOPLIST_KEY_UIApplicationSceneManifest_Generation = YES;
				INFOPLIST_KEY_UIApplicationSupportsIndirectInputEvents = YES;
				INFOPLIST_KEY_UILaunchScreen_Generation = YES;
				INFOPLIST_KEY_UISupportedInterfaceOrientations_iPad = "UIInterfaceOrientationPortrait UIInterfaceOrientationPortraitUpsideDown UIInterfaceOrientationLandscapeLeft UIInterfaceOrientationLandscapeRight";
				INFOPLIST_KEY_UISupportedInterfaceOrientations_iPhone = "UIInterfaceOrientationPortrait UIInterfaceOrientationLandscapeLeft UIInterfaceOrientationLandscapeRight";
				LD_RUNPATH_SEARCH_PATHS = (
					"$(inherited)",
					"@executable_path/Frameworks",
				);
				MARKETING_VERSION = 1.0;
				PRODUCT_BUNDLE_IDENTIFIER = com.UberSwiftUIClone;
				PRODUCT_NAME = "$(TARGET_NAME)";
				SUPPORTED_PLATFORMS = "iphoneos iphonesimulator";
				SUPPORTS_MACCATALYST = NO;
				SUPPORTS_MAC_DESIGNED_FOR_IPHONE_IPAD = NO;
				SUPPORTS_XR_DESIGNED_FOR_IPHONE_IPAD = NO;
				SWIFT_EMIT_LOC_STRINGS = YES;
				SWIFT_VERSION = 5.0;
				TARGETED_DEVICE_FAMILY = "1,2";
			};
			name = Release;
		};
/* End XCBuildConfiguration section */

/* Begin XCConfigurationList section */
		7748203F2C85911A002615A1 /* Build configuration list for PBXNativeTarget "UberSwiftUITests" */ = {
			isa = XCConfigurationList;
			buildConfigurations = (
				774820402C85911A002615A1 /* Debug */,
				774820412C85911A002615A1 /* Release */,
			);
			defaultConfigurationIsVisible = 0;
			defaultConfigurationName = Release;
		};
		77D532192C79CE3D00AA894E /* Build configuration list for PBXProject "UberSwiftUI" */ = {
			isa = XCConfigurationList;
			buildConfigurations = (
				77D5322A2C79CE3F00AA894E /* Debug */,
				77D5322B2C79CE3F00AA894E /* Release */,
			);
			defaultConfigurationIsVisible = 0;
			defaultConfigurationName = Release;
		};
		77D5322C2C79CE3F00AA894E /* Build configuration list for PBXNativeTarget "UberSwiftUI" */ = {
			isa = XCConfigurationList;
			buildConfigurations = (
				77D5322D2C79CE3F00AA894E /* Debug */,
				77D5322E2C79CE3F00AA894E /* Release */,
			);
			defaultConfigurationIsVisible = 0;
			defaultConfigurationName = Release;
		};
/* End XCConfigurationList section */

/* Begin XCRemoteSwiftPackageReference section */
		77E98D032C90507700121FE1 /* XCRemoteSwiftPackageReference "firebase-ios-sdk" */ = {
			isa = XCRemoteSwiftPackageReference;
			repositoryURL = "https://github.com/firebase/firebase-ios-sdk.git";
			requirement = {
				kind = upToNextMajorVersion;
				minimumVersion = 11.1.0;
			};
		};
/* End XCRemoteSwiftPackageReference section */

/* Begin XCSwiftPackageProductDependency section */
		77E98D042C9051F900121FE1 /* FirebaseAuth */ = {
			isa = XCSwiftPackageProductDependency;
			package = 77E98D032C90507700121FE1 /* XCRemoteSwiftPackageReference "firebase-ios-sdk" */;
			productName = FirebaseAuth;
		};
		77E98D062C9051F900121FE1 /* FirebaseAuthCombine-Community */ = {
			isa = XCSwiftPackageProductDependency;
			package = 77E98D032C90507700121FE1 /* XCRemoteSwiftPackageReference "firebase-ios-sdk" */;
			productName = "FirebaseAuthCombine-Community";
		};
		77E98D082C9051F900121FE1 /* FirebaseFirestore */ = {
			isa = XCSwiftPackageProductDependency;
			package = 77E98D032C90507700121FE1 /* XCRemoteSwiftPackageReference "firebase-ios-sdk" */;
			productName = FirebaseFirestore;
		};
		77E98D0A2C9051F900121FE1 /* FirebaseFirestoreCombine-Community */ = {
			isa = XCSwiftPackageProductDependency;
			package = 77E98D032C90507700121FE1 /* XCRemoteSwiftPackageReference "firebase-ios-sdk" */;
			productName = "FirebaseFirestoreCombine-Community";
		};
/* End XCSwiftPackageProductDependency section */
	};
	rootObject = 77D532162C79CE3D00AA894E /* Project object */;
}
